hash: 2835d62f40a4c903b57d8456951a13d66419b1db50f743e714e3317709fd09f2
updated: 2016-12-05T11:51:13.225331797+09:00
imports:
- name: github.com/jessevdk/go-flags
  version: f2785f5820ec967043de79c8be97edfc464ca745
- name: github.com/libgit2/git2go
  version: 1c8297ab834aa3ca5f3c4128ded2758a680a9e60
testImports: []
