hash: ace02f944df35ce3c867a4cf282028c61f0d654d25eef20b76ca111cd0a46f54
updated: 2018-03-26T08:00:52.036179104+09:00
imports:
- name: github.com/jessevdk/go-flags
  version: f88afde2fa19a30cf50ba4b05b3d13bc6bae3079
- name: github.com/libgit2/git2go
  version: 1f712c6f9608f55e9756073539dec0c9a9a81bf3
testImports: []
